
Microsoft Visual Studio Solution File, Format Version 12.00
# Visual Studio Version 17
VisualStudioVersion = 17.6.33815.320
MinimumVisualStudioVersion = 10.0.40219.1
Project("{9A19103F-16F7-4668-BE54-9A1E7A4F7556}") = "Catelog.API", "Catelog.API\Catelog.API.csproj", "{16FEEEAF-F1CE-4097-82D1-B36742658ACB}"
EndProject
Project("{9A19103F-16F7-4668-BE54-9A1E7A4F7556}") = "Basket.API", "Basket.API\Basket.API.csproj", "{CFC532AF-9CC4-4804-B6E7-7E9F6D91B582}"
EndProject
Project("{9A19103F-16F7-4668-BE54-9A1E7A4F7556}") = "Discount.API", "Discount.API\Discount.API.csproj", "{83067AAE-9F4D-4781-A9BE-FDB8CB8C646A}"
EndProject
Project("{9A19103F-16F7-4668-BE54-9A1E7A4F7556}") = "Order.API", "Order.API\Order.API.csproj", "{87E54709-6DC7-42B0-8B9B-FF19305355D6}"
EndProject
Project("{E53339B2-1760-4266-BCC7-CA923CBCF16C}") = "docker-compose", "docker-compose.dcproj", "{C005780F-7DF4-4C3A-A738-DBA7624BE907}"
EndProject
Global
	GlobalSection(SolutionConfigurationPlatforms) = preSolution
		Debug|Any CPU = Debug|Any CPU
		Release|Any CPU = Release|Any CPU
	EndGlobalSection
	GlobalSection(ProjectConfigurationPlatforms) = postSolution
		{16FEEEAF-F1CE-4097-82D1-B36742658ACB}.Debug|Any CPU.ActiveCfg = Debug|Any CPU
		{16FEEEAF-F1CE-4097-82D1-B36742658ACB}.Debug|Any CPU.Build.0 = Debug|Any CPU
		{16FEEEAF-F1CE-4097-82D1-B36742658ACB}.Release|Any CPU.ActiveCfg = Release|Any CPU
		{16FEEEAF-F1CE-4097-82D1-B36742658ACB}.Release|Any CPU.Build.0 = Release|Any CPU
		{CFC532AF-9CC4-4804-B6E7-7E9F6D91B582}.Debug|Any CPU.ActiveCfg = Debug|Any CPU
		{CFC532AF-9CC4-4804-B6E7-7E9F6D91B582}.Debug|Any CPU.Build.0 = Debug|Any CPU
		{CFC532AF-9CC4-4804-B6E7-7E9F6D91B582}.Release|Any CPU.ActiveCfg = Release|Any CPU
		{CFC532AF-9CC4-4804-B6E7-7E9F6D91B582}.Release|Any CPU.Build.0 = Release|Any CPU
		{83067AAE-9F4D-4781-A9BE-FDB8CB8C646A}.Debug|Any CPU.ActiveCfg = Debug|Any CPU
		{83067AAE-9F4D-4781-A9BE-FDB8CB8C646A}.Debug|Any CPU.Build.0 = Debug|Any CPU
		{83067AAE-9F4D-4781-A9BE-FDB8CB8C646A}.Release|Any CPU.ActiveCfg = Release|Any CPU
		{83067AAE-9F4D-4781-A9BE-FDB8CB8C646A}.Release|Any CPU.Build.0 = Release|Any CPU
		{87E54709-6DC7-42B0-8B9B-FF19305355D6}.Debug|Any CPU.ActiveCfg = Debug|Any CPU
		{87E54709-6DC7-42B0-8B9B-FF19305355D6}.Debug|Any CPU.Build.0 = Debug|Any CPU
		{87E54709-6DC7-42B0-8B9B-FF19305355D6}.Release|Any CPU.ActiveCfg = Release|Any CPU
		{87E54709-6DC7-42B0-8B9B-FF19305355D6}.Release|Any CPU.Build.0 = Release|Any CPU
		{C005780F-7DF4-4C3A-A738-DBA7624BE907}.Debug|Any CPU.ActiveCfg = Debug|Any CPU
		{C005780F-7DF4-4C3A-A738-DBA7624BE907}.Debug|Any CPU.Build.0 = Debug|Any CPU
		{C005780F-7DF4-4C3A-A738-DBA7624BE907}.Release|Any CPU.ActiveCfg = Release|Any CPU
		{C005780F-7DF4-4C3A-A738-DBA7624BE907}.Release|Any CPU.Build.0 = Release|Any CPU
	EndGlobalSection
	GlobalSection(SolutionProperties) = preSolution
		HideSolutionNode = FALSE
	EndGlobalSection
	GlobalSection(ExtensibilityGlobals) = postSolution
		SolutionGuid = {B4EF3F65-B9B9-44B2-B97C-6955E6FE934F}
	EndGlobalSection
EndGlobal
